
Microsoft Visual Studio Solution File, Format Version 12.00
# Visual Studio Version 16
VisualStudioVersion = 16.0.29613.14
MinimumVisualStudioVersion = 10.0.40219.1
Project("{8BC9CEB8-8B4A-11D0-8D11-00A0C91BC942}") = "Program 05", "Program 05.vcxproj", "{CDC976B9-8426-4E2D-B923-18638233FFDB}"
EndProject
Global
	GlobalSection(SolutionConfigurationPlatforms) = preSolution
		Debug|x64 = Debug|x64
		Debug|x86 = Debug|x86
		Release|x64 = Release|x64
		Release|x86 = Release|x86
	EndGlobalSection
	GlobalSection(ProjectConfigurationPlatforms) = postSolution
		{CDC976B9-8426-4E2D-B923-18638233FFDB}.Debug|x64.ActiveCfg = Debug|x64
		{CDC976B9-8426-4E2D-B923-18638233FFDB}.Debug|x64.Build.0 = Debug|x64
		{CDC976B9-8426-4E2D-B923-18638233FFDB}.Debug|x86.ActiveCfg = Debug|Win32
		{CDC976B9-8426-4E2D-B923-18638233FFDB}.Debug|x86.Build.0 = Debug|Win32
		{CDC976B9-8426-4E2D-B923-18638233FFDB}.Release|x64.ActiveCfg = Release|x64
		{CDC976B9-8426-4E2D-B923-18638233FFDB}.Release|x64.Build.0 = Release|x64
		{CDC976B9-8426-4E2D-B923-18638233FFDB}.Release|x86.ActiveCfg = Release|Win32
		{CDC976B9-8426-4E2D-B923-18638233FFDB}.Release|x86.Build.0 = Release|Win32
	EndGlobalSection
	GlobalSection(SolutionProperties) = preSolution
		HideSolutionNode = FALSE
	EndGlobalSection
	GlobalSection(ExtensibilityGlobals) = postSolution
		SolutionGuid = {D5DAC65C-E1C3-4323-BC99-52ED727BD149}
	EndGlobalSection
EndGlobal
